
Microsoft Visual Studio Solution File, Format Version 12.00
# Visual Studio Version 16
VisualStudioVersion = 16.0.30717.126
MinimumVisualStudioVersion = 10.0.40219.1
Project("{FAE04EC0-301F-11D3-BF4B-00C04F79EFBC}") = "TemperatureConverter", "TemperatureConverter\TemperatureConverter.csproj", "{AA435786-9C5A-46B6-87B6-70E555A13440}"
EndProject
Global
	GlobalSection(SolutionConfigurationPlatforms) = preSolution
		Debug|Any CPU = Debug|Any CPU
		Release|Any CPU = Release|Any CPU
	EndGlobalSection
	GlobalSection(ProjectConfigurationPlatforms) = postSolution
		{AA435786-9C5A-46B6-87B6-70E555A13440}.Debug|Any CPU.ActiveCfg = Debug|Any CPU
		{AA435786-9C5A-46B6-87B6-70E555A13440}.Debug|Any CPU.Build.0 = Debug|Any CPU
		{AA435786-9C5A-46B6-87B6-70E555A13440}.Release|Any CPU.ActiveCfg = Release|Any CPU
		{AA435786-9C5A-46B6-87B6-70E555A13440}.Release|Any CPU.Build.0 = Release|Any CPU
	EndGlobalSection
	GlobalSection(SolutionProperties) = preSolution
		HideSolutionNode = FALSE
	EndGlobalSection
	GlobalSection(ExtensibilityGlobals) = postSolution
		SolutionGuid = {4120EE1C-35F3-433C-ABC3-B15DF5894CA9}
	EndGlobalSection
EndGlobal
